
Microsoft Visual Studio Solution File, Format Version 12.00
# Visual Studio Version 17
VisualStudioVersion = 17.12.35527.113
MinimumVisualStudioVersion = 10.0.40219.1
Project("{FAE04EC0-301F-11D3-BF4B-00C04F79EFBC}") = "EcomPlat.Data", "EcomPlat.Data\EcomPlat.Data.csproj", "{98E65EA4-0647-4D91-BB4B-0013DF8B816F}"
EndProject
Project("{2150E333-8FDC-42A3-9474-1A3956D46DE8}") = "Info", "Info", "{D4517675-A73D-481A-9825-6771163DF398}"
	ProjectSection(SolutionItems) = preProject
		ReadMe.md = ReadMe.md
	EndProjectSection
EndProject
Project("{FAE04EC0-301F-11D3-BF4B-00C04F79EFBC}") = "EcomPlat.Utilities", "EcomPlat.Utilities\EcomPlat.Utilities.csproj", "{7FFFEE59-39D9-4B67-95AA-3F97B9B99492}"
EndProject
Project("{2150E333-8FDC-42A3-9474-1A3956D46DE8}") = "Tests", "Tests", "{BBC17F42-5F1B-4475-B149-7AFC42346273}"
EndProject
Project("{FAE04EC0-301F-11D3-BF4B-00C04F79EFBC}") = "EcomPlat.Utilities.Tests", "EcomPlat.Utilities.Tests\EcomPlat.Utilities.Tests.csproj", "{C3AF8B68-8877-4E0C-8D8B-51A9D87D8E33}"
EndProject
Project("{FAE04EC0-301F-11D3-BF4B-00C04F79EFBC}") = "EcomPlat.Web", "EcomPlat.Web\EcomPlat.Web.csproj", "{1F17B7EE-5813-45F9-A790-E25F64C67386}"
EndProject
Project("{FAE04EC0-301F-11D3-BF4B-00C04F79EFBC}") = "EcomPlat.FileStorage", "EcomPlat.FileStorage\EcomPlat.FileStorage.csproj", "{33EA8FB9-993A-4F8D-A2BD-D7AA75A1C7EE}"
EndProject
Project("{2150E333-8FDC-42A3-9474-1A3956D46DE8}") = "CI", "CI", "{81FCEBEA-13B1-4530-B401-3989D8325290}"
	ProjectSection(SolutionItems) = preProject
		..\CI-Tools\Scripts\ApplicationHelperFunctions.ps1 = ..\CI-Tools\Scripts\ApplicationHelperFunctions.ps1
		..\CI-Tools\Scripts\BuildHelperFunctions.ps1 = ..\CI-Tools\Scripts\BuildHelperFunctions.ps1
		..\CI-Tools\CI-Main.ps1 = ..\CI-Tools\CI-Main.ps1
		..\CI.bat = ..\CI.bat
		..\CI-Tools\Scripts\GeneralHelperFunctions.ps1 = ..\CI-Tools\Scripts\GeneralHelperFunctions.ps1
	EndProjectSection
EndProject
Project("{FAE04EC0-301F-11D3-BF4B-00C04F79EFBC}") = "EcomPlat.Shipping", "EcomPlat.Shipping\EcomPlat.Shipping.csproj", "{A03FB1C6-982A-45B0-89F9-F3D1F1DC3DDC}"
EndProject
Project("{FAE04EC0-301F-11D3-BF4B-00C04F79EFBC}") = "EcomPlat.Shipping.Tests", "EcomPlat.Shipping.Tests\EcomPlat.Shipping.Tests.csproj", "{88559550-AD7D-40EC-8010-8FBFCAA74B59}"
EndProject
Project("{FAE04EC0-301F-11D3-BF4B-00C04F79EFBC}") = "NowPayments.API", "NowPayments.API\NowPayments.API.csproj", "{636C96BB-0D61-4182-B493-4531F2C2E285}"
EndProject
Project("{FAE04EC0-301F-11D3-BF4B-00C04F79EFBC}") = "EcomPlat.Email", "EcomPlat.Email\EcomPlat.Email.csproj", "{D52776D1-0212-4A41-9CDA-553DD286A5C2}"
EndProject
Global
	GlobalSection(SolutionConfigurationPlatforms) = preSolution
		Debug|Any CPU = Debug|Any CPU
		Release|Any CPU = Release|Any CPU
	EndGlobalSection
	GlobalSection(ProjectConfigurationPlatforms) = postSolution
		{98E65EA4-0647-4D91-BB4B-0013DF8B816F}.Debug|Any CPU.ActiveCfg = Debug|Any CPU
		{98E65EA4-0647-4D91-BB4B-0013DF8B816F}.Debug|Any CPU.Build.0 = Debug|Any CPU
		{98E65EA4-0647-4D91-BB4B-0013DF8B816F}.Release|Any CPU.ActiveCfg = Release|Any CPU
		{98E65EA4-0647-4D91-BB4B-0013DF8B816F}.Release|Any CPU.Build.0 = Release|Any CPU
		{7FFFEE59-39D9-4B67-95AA-3F97B9B99492}.Debug|Any CPU.ActiveCfg = Debug|Any CPU
		{7FFFEE59-39D9-4B67-95AA-3F97B9B99492}.Debug|Any CPU.Build.0 = Debug|Any CPU
		{7FFFEE59-39D9-4B67-95AA-3F97B9B99492}.Release|Any CPU.ActiveCfg = Release|Any CPU
		{7FFFEE59-39D9-4B67-95AA-3F97B9B99492}.Release|Any CPU.Build.0 = Release|Any CPU
		{C3AF8B68-8877-4E0C-8D8B-51A9D87D8E33}.Debug|Any CPU.ActiveCfg = Debug|Any CPU
		{C3AF8B68-8877-4E0C-8D8B-51A9D87D8E33}.Debug|Any CPU.Build.0 = Debug|Any CPU
		{C3AF8B68-8877-4E0C-8D8B-51A9D87D8E33}.Release|Any CPU.ActiveCfg = Release|Any CPU
		{C3AF8B68-8877-4E0C-8D8B-51A9D87D8E33}.Release|Any CPU.Build.0 = Release|Any CPU
		{1F17B7EE-5813-45F9-A790-E25F64C67386}.Debug|Any CPU.ActiveCfg = Debug|Any CPU
		{1F17B7EE-5813-45F9-A790-E25F64C67386}.Debug|Any CPU.Build.0 = Debug|Any CPU
		{1F17B7EE-5813-45F9-A790-E25F64C67386}.Release|Any CPU.ActiveCfg = Release|Any CPU
		{1F17B7EE-5813-45F9-A790-E25F64C67386}.Release|Any CPU.Build.0 = Release|Any CPU
		{33EA8FB9-993A-4F8D-A2BD-D7AA75A1C7EE}.Debug|Any CPU.ActiveCfg = Debug|Any CPU
		{33EA8FB9-993A-4F8D-A2BD-D7AA75A1C7EE}.Debug|Any CPU.Build.0 = Debug|Any CPU
		{33EA8FB9-993A-4F8D-A2BD-D7AA75A1C7EE}.Release|Any CPU.ActiveCfg = Release|Any CPU
		{33EA8FB9-993A-4F8D-A2BD-D7AA75A1C7EE}.Release|Any CPU.Build.0 = Release|Any CPU
		{A03FB1C6-982A-45B0-89F9-F3D1F1DC3DDC}.Debug|Any CPU.ActiveCfg = Debug|Any CPU
		{A03FB1C6-982A-45B0-89F9-F3D1F1DC3DDC}.Debug|Any CPU.Build.0 = Debug|Any CPU
		{A03FB1C6-982A-45B0-89F9-F3D1F1DC3DDC}.Release|Any CPU.ActiveCfg = Release|Any CPU
		{A03FB1C6-982A-45B0-89F9-F3D1F1DC3DDC}.Release|Any CPU.Build.0 = Release|Any CPU
		{88559550-AD7D-40EC-8010-8FBFCAA74B59}.Debug|Any CPU.ActiveCfg = Debug|Any CPU
		{88559550-AD7D-40EC-8010-8FBFCAA74B59}.Debug|Any CPU.Build.0 = Debug|Any CPU
		{88559550-AD7D-40EC-8010-8FBFCAA74B59}.Release|Any CPU.ActiveCfg = Release|Any CPU
		{88559550-AD7D-40EC-8010-8FBFCAA74B59}.Release|Any CPU.Build.0 = Release|Any CPU
		{636C96BB-0D61-4182-B493-4531F2C2E285}.Debug|Any CPU.ActiveCfg = Debug|Any CPU
		{636C96BB-0D61-4182-B493-4531F2C2E285}.Debug|Any CPU.Build.0 = Debug|Any CPU
		{636C96BB-0D61-4182-B493-4531F2C2E285}.Release|Any CPU.ActiveCfg = Release|Any CPU
		{636C96BB-0D61-4182-B493-4531F2C2E285}.Release|Any CPU.Build.0 = Release|Any CPU
		{D52776D1-0212-4A41-9CDA-553DD286A5C2}.Debug|Any CPU.ActiveCfg = Debug|Any CPU
		{D52776D1-0212-4A41-9CDA-553DD286A5C2}.Debug|Any CPU.Build.0 = Debug|Any CPU
		{D52776D1-0212-4A41-9CDA-553DD286A5C2}.Release|Any CPU.ActiveCfg = Release|Any CPU
		{D52776D1-0212-4A41-9CDA-553DD286A5C2}.Release|Any CPU.Build.0 = Release|Any CPU
	EndGlobalSection
	GlobalSection(SolutionProperties) = preSolution
		HideSolutionNode = FALSE
	EndGlobalSection
	GlobalSection(NestedProjects) = preSolution
		{C3AF8B68-8877-4E0C-8D8B-51A9D87D8E33} = {BBC17F42-5F1B-4475-B149-7AFC42346273}
		{88559550-AD7D-40EC-8010-8FBFCAA74B59} = {BBC17F42-5F1B-4475-B149-7AFC42346273}
	EndGlobalSection
EndGlobal
